
Microsoft Visual Studio Solution File, Format Version 12.00
# Visual Studio Version 17
VisualStudioVersion = 17.11.35327.3
MinimumVisualStudioVersion = 10.0.40219.1
Project("{FAE04EC0-301F-11D3-BF4B-00C04F79EFBC}") = "Generic_Approach", "Generic_Approach\Generic_Approach.csproj", "{D8630539-487B-4474-992C-2350D8533A1C}"
EndProject
Project("{FAE04EC0-301F-11D3-BF4B-00C04F79EFBC}") = "Linq", "Linq\Linq.csproj", "{38745BE9-640B-46C8-B154-568172B1AAA9}"
EndProject
Global
	GlobalSection(SolutionConfigurationPlatforms) = preSolution
		Debug|Any CPU = Debug|Any CPU
		Release|Any CPU = Release|Any CPU
	EndGlobalSection
	GlobalSection(ProjectConfigurationPlatforms) = postSolution
		{D8630539-487B-4474-992C-2350D8533A1C}.Debug|Any CPU.ActiveCfg = Debug|Any CPU
		{D8630539-487B-4474-992C-2350D8533A1C}.Debug|Any CPU.Build.0 = Debug|Any CPU
		{D8630539-487B-4474-992C-2350D8533A1C}.Release|Any CPU.ActiveCfg = Release|Any CPU
		{D8630539-487B-4474-992C-2350D8533A1C}.Release|Any CPU.Build.0 = Release|Any CPU
		{38745BE9-640B-46C8-B154-568172B1AAA9}.Debug|Any CPU.ActiveCfg = Debug|Any CPU
		{38745BE9-640B-46C8-B154-568172B1AAA9}.Debug|Any CPU.Build.0 = Debug|Any CPU
		{38745BE9-640B-46C8-B154-568172B1AAA9}.Release|Any CPU.ActiveCfg = Release|Any CPU
		{38745BE9-640B-46C8-B154-568172B1AAA9}.Release|Any CPU.Build.0 = Release|Any CPU
	EndGlobalSection
	GlobalSection(SolutionProperties) = preSolution
		HideSolutionNode = FALSE
	EndGlobalSection
	GlobalSection(ExtensibilityGlobals) = postSolution
		SolutionGuid = {E60516CB-2DE2-4DCD-8C59-58DBA3A8F043}
	EndGlobalSection
EndGlobal
